
Microsoft Visual Studio Solution File, Format Version 12.00
# Visual Studio Version 17
VisualStudioVersion = 17.1.32210.238
MinimumVisualStudioVersion = 10.0.40219.1
Project("{FAE04EC0-301F-11D3-BF4B-00C04F79EFBC}") = "PlanoDeAcao", "PlanoDeAcao\PlanoDeAcao.csproj", "{0AA2DC97-BF11-43C6-99EC-394272B69ECD}"
EndProject
Global
	GlobalSection(SolutionConfigurationPlatforms) = preSolution
		Debug|Any CPU = Debug|Any CPU
		Release|Any CPU = Release|Any CPU
	EndGlobalSection
	GlobalSection(ProjectConfigurationPlatforms) = postSolution
		{0AA2DC97-BF11-43C6-99EC-394272B69ECD}.Debug|Any CPU.ActiveCfg = Debug|Any CPU
		{0AA2DC97-BF11-43C6-99EC-394272B69ECD}.Debug|Any CPU.Build.0 = Debug|Any CPU
		{0AA2DC97-BF11-43C6-99EC-394272B69ECD}.Release|Any CPU.ActiveCfg = Release|Any CPU
		{0AA2DC97-BF11-43C6-99EC-394272B69ECD}.Release|Any CPU.Build.0 = Release|Any CPU
	EndGlobalSection
	GlobalSection(SolutionProperties) = preSolution
		HideSolutionNode = FALSE
	EndGlobalSection
	GlobalSection(ExtensibilityGlobals) = postSolution
		SolutionGuid = {34931832-6957-4DFE-9788-6D979C33EF56}
	EndGlobalSection
EndGlobal
